// !$*UTF8*$!
{
	archiveVersion = 1;
	classes = {
	};
	objectVersion = 56;
	objects = {

/* Begin PBXBuildFile section */
		CE19849E2BED35FB0019AA87 /* AppDelegate.swift in Sources */ = {isa = PBXBuildFile; fileRef = CE19849D2BED35FB0019AA87 /* AppDelegate.swift */; };
		CE1984A02BED35FB0019AA87 /* SceneDelegate.swift in Sources */ = {isa = PBXBuildFile; fileRef = CE19849F2BED35FB0019AA87 /* SceneDelegate.swift */; };
		CE1984A52BED35FB0019AA87 /* Base in Resources */ = {isa = PBXBuildFile; fileRef = CE1984A42BED35FB0019AA87 /* Base */; };
		CE1984A72BED35FD0019AA87 /* Assets.xcassets in Resources */ = {isa = PBXBuildFile; fileRef = CE1984A62BED35FD0019AA87 /* Assets.xcassets */; };
		CE1984AA2BED35FD0019AA87 /* Base in Resources */ = {isa = PBXBuildFile; fileRef = CE1984A92BED35FD0019AA87 /* Base */; };
		CE1984B32BED3EBF0019AA87 /* HomeVC.swift in Sources */ = {isa = PBXBuildFile; fileRef = CE1984B22BED3EBF0019AA87 /* HomeVC.swift */; };
		CE1984B72BED3F4A0019AA87 /* SearchMoviesVC.swift in Sources */ = {isa = PBXBuildFile; fileRef = CE1984B62BED3F4A0019AA87 /* SearchMoviesVC.swift */; };
		CE1984BB2BED3FA70019AA87 /* MainTabBarVC.swift in Sources */ = {isa = PBXBuildFile; fileRef = CE1984BA2BED3FA70019AA87 /* MainTabBarVC.swift */; };
		CE1984C12BED49970019AA87 /* CollectionViewTableViewCell.xib in Resources */ = {isa = PBXBuildFile; fileRef = CE1984C02BED49970019AA87 /* CollectionViewTableViewCell.xib */; };
		CE1984C22BED49970019AA87 /* CollectionViewTableViewCell.swift in Sources */ = {isa = PBXBuildFile; fileRef = CE1984BF2BED49970019AA87 /* CollectionViewTableViewCell.swift */; };
		CE1984C52BED4A0E0019AA87 /* TableViewCellNib.swift in Sources */ = {isa = PBXBuildFile; fileRef = CE1984C42BED4A0E0019AA87 /* TableViewCellNib.swift */; };
		CE1984C72BED7A3C0019AA87 /* HomeViewModel.swift in Sources */ = {isa = PBXBuildFile; fileRef = CE1984C62BED7A3C0019AA87 /* HomeViewModel.swift */; };
		CE1984CF2BED7E2E0019AA87 /* Kingfisher in Frameworks */ = {isa = PBXBuildFile; productRef = CE1984CE2BED7E2E0019AA87 /* Kingfisher */; };
		CE1984D22BED7E500019AA87 /* Toast in Frameworks */ = {isa = PBXBuildFile; productRef = CE1984D12BED7E500019AA87 /* Toast */; };
		CE1984D42BED7E890019AA87 /* Movie.swift in Sources */ = {isa = PBXBuildFile; fileRef = CE1984D32BED7E890019AA87 /* Movie.swift */; };
		CE1984D62BED7EA20019AA87 /* MovieResults.swift in Sources */ = {isa = PBXBuildFile; fileRef = CE1984D52BED7EA20019AA87 /* MovieResults.swift */; };
		CE1984D92BED7EE40019AA87 /* NetworkConstants.swift in Sources */ = {isa = PBXBuildFile; fileRef = CE1984D82BED7EE40019AA87 /* NetworkConstants.swift */; };
		CE1984DB2BED7F030019AA87 /* APICaller.swift in Sources */ = {isa = PBXBuildFile; fileRef = CE1984DA2BED7F030019AA87 /* APICaller.swift */; };
		CE1984DD2BEE9A040019AA87 /* CapitalizeFirstLetter.swift in Sources */ = {isa = PBXBuildFile; fileRef = CE1984DC2BEE9A040019AA87 /* CapitalizeFirstLetter.swift */; };
		CE1984E22BEE9D800019AA87 /* MovieCollectionViewCell.xib in Resources */ = {isa = PBXBuildFile; fileRef = CE1984E12BEE9D800019AA87 /* MovieCollectionViewCell.xib */; };
		CE1984E32BEE9D800019AA87 /* MovieCollectionViewCell.swift in Sources */ = {isa = PBXBuildFile; fileRef = CE1984E02BEE9D800019AA87 /* MovieCollectionViewCell.swift */; };
		CE1984E52BEEA15A0019AA87 /* CollectionViewCellNib.swift in Sources */ = {isa = PBXBuildFile; fileRef = CE1984E42BEEA15A0019AA87 /* CollectionViewCellNib.swift */; };
		CE1984E92BEF8E6A0019AA87 /* SearchMovieTableViewCell.swift in Sources */ = {isa = PBXBuildFile; fileRef = CE1984E72BEF8E6A0019AA87 /* SearchMovieTableViewCell.swift */; };
		CE1984EA2BEF8E6A0019AA87 /* SearchMovieTableViewCell.xib in Resources */ = {isa = PBXBuildFile; fileRef = CE1984E82BEF8E6A0019AA87 /* SearchMovieTableViewCell.xib */; };
		CE1984EC2BEF93140019AA87 /* SearchViewModel.swift in Sources */ = {isa = PBXBuildFile; fileRef = CE1984EB2BEF93140019AA87 /* SearchViewModel.swift */; };
		CE1984EE2BEFC1950019AA87 /* SearchResultVC.swift in Sources */ = {isa = PBXBuildFile; fileRef = CE1984ED2BEFC1950019AA87 /* SearchResultVC.swift */; };
		CE1984F02BEFC8C20019AA87 /* SearchResultsViewModel.swift in Sources */ = {isa = PBXBuildFile; fileRef = CE1984EF2BEFC8C20019AA87 /* SearchResultsViewModel.swift */; };
		CE26A2F22C3052B6001CF8A0 /* Alamofire in Frameworks */ = {isa = PBXBuildFile; productRef = CE26A2F12C3052B6001CF8A0 /* Alamofire */; };
/* End PBXBuildFile section */

/* Begin PBXFileReference section */
		CE19849A2BED35FA0019AA87 /* MRMovieWithPagination.app */ = {isa = PBXFileReference; explicitFileType = wrapper.application; includeInIndex = 0; path = MRMovieWithPagination.app; sourceTree = BUILT_PRODUCTS_DIR; };
		CE19849D2BED35FB0019AA87 /* AppDelegate.swift */ = {isa = PBXFileReference; lastKnownFileType = sourcecode.swift; path = AppDelegate.swift; sourceTree = "<group>"; };
		CE19849F2BED35FB0019AA87 /* SceneDelegate.swift */ = {isa = PBXFileReference; lastKnownFileType = sourcecode.swift; path = SceneDelegate.swift; sourceTree = "<group>"; };
		CE1984A42BED35FB0019AA87 /* Base */ = {isa = PBXFileReference; lastKnownFileType = file.storyboard; name = Base; path = Base.lproj/Main.storyboard; sourceTree = "<group>"; };
		CE1984A62BED35FD0019AA87 /* Assets.xcassets */ = {isa = PBXFileReference; lastKnownFileType = folder.assetcatalog; path = Assets.xcassets; sourceTree = "<group>"; };
		CE1984A92BED35FD0019AA87 /* Base */ = {isa = PBXFileReference; lastKnownFileType = file.storyboard; name = Base; path = Base.lproj/LaunchScreen.storyboard; sourceTree = "<group>"; };
		CE1984AB2BED35FD0019AA87 /* Info.plist */ = {isa = PBXFileReference; lastKnownFileType = text.plist.xml; path = Info.plist; sourceTree = "<group>"; };
		CE1984B22BED3EBF0019AA87 /* HomeVC.swift */ = {isa = PBXFileReference; lastKnownFileType = sourcecode.swift; path = HomeVC.swift; sourceTree = "<group>"; };
		CE1984B62BED3F4A0019AA87 /* SearchMoviesVC.swift */ = {isa = PBXFileReference; lastKnownFileType = sourcecode.swift; path = SearchMoviesVC.swift; sourceTree = "<group>"; };
		CE1984BA2BED3FA70019AA87 /* MainTabBarVC.swift */ = {isa = PBXFileReference; lastKnownFileType = sourcecode.swift; path = MainTabBarVC.swift; sourceTree = "<group>"; };
		CE1984BF2BED49970019AA87 /* CollectionViewTableViewCell.swift */ = {isa = PBXFileReference; lastKnownFileType = sourcecode.swift; path = CollectionViewTableViewCell.swift; sourceTree = "<group>"; };
		CE1984C02BED49970019AA87 /* CollectionViewTableViewCell.xib */ = {isa = PBXFileReference; lastKnownFileType = file.xib; path = CollectionViewTableViewCell.xib; sourceTree = "<group>"; };
		CE1984C42BED4A0E0019AA87 /* TableViewCellNib.swift */ = {isa = PBXFileReference; lastKnownFileType = sourcecode.swift; path = TableViewCellNib.swift; sourceTree = "<group>"; };
		CE1984C62BED7A3C0019AA87 /* HomeViewModel.swift */ = {isa = PBXFileReference; lastKnownFileType = sourcecode.swift; path = HomeViewModel.swift; sourceTree = "<group>"; };
		CE1984D32BED7E890019AA87 /* Movie.swift */ = {isa = PBXFileReference; lastKnownFileType = sourcecode.swift; path = Movie.swift; sourceTree = "<group>"; };
		CE1984D52BED7EA20019AA87 /* MovieResults.swift */ = {isa = PBXFileReference; lastKnownFileType = sourcecode.swift; path = MovieResults.swift; sourceTree = "<group>"; };
		CE1984D82BED7EE40019AA87 /* NetworkConstants.swift */ = {isa = PBXFileReference; lastKnownFileType = sourcecode.swift; path = NetworkConstants.swift; sourceTree = "<group>"; };
		CE1984DA2BED7F030019AA87 /* APICaller.swift */ = {isa = PBXFileReference; lastKnownFileType = sourcecode.swift; path = APICaller.swift; sourceTree = "<group>"; };
		CE1984DC2BEE9A040019AA87 /* CapitalizeFirstLetter.swift */ = {isa = PBXFileReference; lastKnownFileType = sourcecode.swift; path = CapitalizeFirstLetter.swift; sourceTree = "<group>"; };
		CE1984E02BEE9D800019AA87 /* MovieCollectionViewCell.swift */ = {isa = PBXFileReference; lastKnownFileType = sourcecode.swift; path = MovieCollectionViewCell.swift; sourceTree = "<group>"; };
		CE1984E12BEE9D800019AA87 /* MovieCollectionViewCell.xib */ = {isa = PBXFileReference; lastKnownFileType = file.xib; path = MovieCollectionViewCell.xib; sourceTree = "<group>"; };
		CE1984E42BEEA15A0019AA87 /* CollectionViewCellNib.swift */ = {isa = PBXFileReference; lastKnownFileType = sourcecode.swift; path = CollectionViewCellNib.swift; sourceTree = "<group>"; };
		CE1984E72BEF8E6A0019AA87 /* SearchMovieTableViewCell.swift */ = {isa = PBXFileReference; lastKnownFileType = sourcecode.swift; path = SearchMovieTableViewCell.swift; sourceTree = "<group>"; };
		CE1984E82BEF8E6A0019AA87 /* SearchMovieTableViewCell.xib */ = {isa = PBXFileReference; lastKnownFileType = file.xib; path = SearchMovieTableViewCell.xib; sourceTree = "<group>"; };
		CE1984EB2BEF93140019AA87 /* SearchViewModel.swift */ = {isa = PBXFileReference; lastKnownFileType = sourcecode.swift; path = SearchViewModel.swift; sourceTree = "<group>"; };
		CE1984ED2BEFC1950019AA87 /* SearchResultVC.swift */ = {isa = PBXFileReference; lastKnownFileType = sourcecode.swift; path = SearchResultVC.swift; sourceTree = "<group>"; };
		CE1984EF2BEFC8C20019AA87 /* SearchResultsViewModel.swift */ = {isa = PBXFileReference; lastKnownFileType = sourcecode.swift; path = SearchResultsViewModel.swift; sourceTree = "<group>"; };
/* End PBXFileReference section */

/* Begin PBXFrameworksBuildPhase section */
		CE1984972BED35FA0019AA87 /* Frameworks */ = {
			isa = PBXFrameworksBuildPhase;
			buildActionMask = 2147483647;
			files = (
				CE26A2F22C3052B6001CF8A0 /* Alamofire in Frameworks */,
				CE1984D22BED7E500019AA87 /* Toast in Frameworks */,
				CE1984CF2BED7E2E0019AA87 /* Kingfisher in Frameworks */,
			);
			runOnlyForDeploymentPostprocessing = 0;
		};
/* End PBXFrameworksBuildPhase section */

/* Begin PBXGroup section */
		CE1984912BED35FA0019AA87 = {
			isa = PBXGroup;
			children = (
				CE19849C2BED35FA0019AA87 /* MRMovieWithPagination */,
				CE19849B2BED35FA0019AA87 /* Products */,
			);
			sourceTree = "<group>";
		};
		CE19849B2BED35FA0019AA87 /* Products */ = {
			isa = PBXGroup;
			children = (
				CE19849A2BED35FA0019AA87 /* MRMovieWithPagination.app */,
			);
			name = Products;
			sourceTree = "<group>";
		};
		CE19849C2BED35FA0019AA87 /* MRMovieWithPagination */ = {
			isa = PBXGroup;
			children = (
				CE1984D72BED7EC00019AA87 /* NetWorking */,
				CE1984C32BED49F00019AA87 /* Extensions */,
				CE1984BE2BED48F90019AA87 /* Models */,
				CE1984BC2BED48EB0019AA87 /* Views */,
				CE1984A32BED35FB0019AA87 /* Main.storyboard */,
				CE1984BD2BED48F20019AA87 /* ViewModels */,
				CE1984B12BED3EA80019AA87 /* Controllers */,
				CE19849D2BED35FB0019AA87 /* AppDelegate.swift */,
				CE19849F2BED35FB0019AA87 /* SceneDelegate.swift */,
				CE1984A62BED35FD0019AA87 /* Assets.xcassets */,
				CE1984A82BED35FD0019AA87 /* LaunchScreen.storyboard */,
				CE1984AB2BED35FD0019AA87 /* Info.plist */,
			);
			path = MRMovieWithPagination;
			sourceTree = "<group>";
		};
		CE1984B12BED3EA80019AA87 /* Controllers */ = {
			isa = PBXGroup;
			children = (
				CE1984B22BED3EBF0019AA87 /* HomeVC.swift */,
				CE1984B62BED3F4A0019AA87 /* SearchMoviesVC.swift */,
				CE1984ED2BEFC1950019AA87 /* SearchResultVC.swift */,
				CE1984BA2BED3FA70019AA87 /* MainTabBarVC.swift */,
			);
			path = Controllers;
			sourceTree = "<group>";
		};
		CE1984BC2BED48EB0019AA87 /* Views */ = {
			isa = PBXGroup;
			children = (
				CE1984E62BEF8D9B0019AA87 /* SearchMovieTableViewCell */,
				CE1984DF2BEE9D4E0019AA87 /* MovieCollectionViewCell */,
				CE1984DE2BEE9C260019AA87 /* CollectionViewTableViewCell */,
			);
			path = Views;
			sourceTree = "<group>";
		};
		CE1984BD2BED48F20019AA87 /* ViewModels */ = {
			isa = PBXGroup;
			children = (
				CE1984C62BED7A3C0019AA87 /* HomeViewModel.swift */,
				CE1984EB2BEF93140019AA87 /* SearchViewModel.swift */,
				CE1984EF2BEFC8C20019AA87 /* SearchResultsViewModel.swift */,
			);
			path = ViewModels;
			sourceTree = "<group>";
		};
		CE1984BE2BED48F90019AA87 /* Models */ = {
			isa = PBXGroup;
			children = (
				CE1984D32BED7E890019AA87 /* Movie.swift */,
				CE1984D52BED7EA20019AA87 /* MovieResults.swift */,
			);
			path = Models;
			sourceTree = "<group>";
		};
		CE1984C32BED49F00019AA87 /* Extensions */ = {
			isa = PBXGroup;
			children = (
				CE1984C42BED4A0E0019AA87 /* TableViewCellNib.swift */,
				CE1984DC2BEE9A040019AA87 /* CapitalizeFirstLetter.swift */,
				CE1984E42BEEA15A0019AA87 /* CollectionViewCellNib.swift */,
			);
			path = Extensions;
			sourceTree = "<group>";
		};
		CE1984D72BED7EC00019AA87 /* NetWorking */ = {
			isa = PBXGroup;
			children = (
				CE1984D82BED7EE40019AA87 /* NetworkConstants.swift */,
				CE1984DA2BED7F030019AA87 /* APICaller.swift */,
			);
			path = NetWorking;
			sourceTree = "<group>";
		};
		CE1984DE2BEE9C260019AA87 /* CollectionViewTableViewCell */ = {
			isa = PBXGroup;
			children = (
				CE1984BF2BED49970019AA87 /* CollectionViewTableViewCell.swift */,
				CE1984C02BED49970019AA87 /* CollectionViewTableViewCell.xib */,
			);
			path = CollectionViewTableViewCell;
			sourceTree = "<group>";
		};
		CE1984DF2BEE9D4E0019AA87 /* MovieCollectionViewCell */ = {
			isa = PBXGroup;
			children = (
				CE1984E02BEE9D800019AA87 /* MovieCollectionViewCell.swift */,
				CE1984E12BEE9D800019AA87 /* MovieCollectionViewCell.xib */,
			);
			path = MovieCollectionViewCell;
			sourceTree = "<group>";
		};
		CE1984E62BEF8D9B0019AA87 /* SearchMovieTableViewCell */ = {
			isa = PBXGroup;
			children = (
				CE1984E72BEF8E6A0019AA87 /* SearchMovieTableViewCell.swift */,
				CE1984E82BEF8E6A0019AA87 /* SearchMovieTableViewCell.xib */,
			);
			path = SearchMovieTableViewCell;
			sourceTree = "<group>";
		};
/* End PBXGroup section */

/* Begin PBXNativeTarget section */
		CE1984992BED35FA0019AA87 /* MRMovieWithPagination */ = {
			isa = PBXNativeTarget;
			buildConfigurationList = CE1984AE2BED35FD0019AA87 /* Build configuration list for PBXNativeTarget "MRMovieWithPagination" */;
			buildPhases = (
				CE1984962BED35FA0019AA87 /* Sources */,
				CE1984972BED35FA0019AA87 /* Frameworks */,
				CE1984982BED35FA0019AA87 /* Resources */,
			);
			buildRules = (
			);
			dependencies = (
			);
			name = MRMovieWithPagination;
			packageProductDependencies = (
				CE1984CE2BED7E2E0019AA87 /* Kingfisher */,
				CE1984D12BED7E500019AA87 /* Toast */,
				CE26A2F12C3052B6001CF8A0 /* Alamofire */,
			);
			productName = MRMovieWithPagination;
			productReference = CE19849A2BED35FA0019AA87 /* MRMovieWithPagination.app */;
			productType = "com.apple.product-type.application";
		};
/* End PBXNativeTarget section */

/* Begin PBXProject section */
		CE1984922BED35FA0019AA87 /* Project object */ = {
			isa = PBXProject;
			attributes = {
				BuildIndependentTargetsInParallel = 1;
				LastSwiftUpdateCheck = 1530;
				LastUpgradeCheck = 1530;
				TargetAttributes = {
					CE1984992BED35FA0019AA87 = {
						CreatedOnToolsVersion = 15.3;
					};
				};
			};
			buildConfigurationList = CE1984952BED35FA0019AA87 /* Build configuration list for PBXProject "MRMovieWithPagination" */;
			compatibilityVersion = "Xcode 14.0";
			developmentRegion = en;
			hasScannedForEncodings = 0;
			knownRegions = (
				en,
				Base,
			);
			mainGroup = CE1984912BED35FA0019AA87;
			packageReferences = (
				CE1984CD2BED7E2E0019AA87 /* XCRemoteSwiftPackageReference "Kingfisher" */,
				CE1984D02BED7E500019AA87 /* XCRemoteSwiftPackageReference "Toast-Swift" */,
				CE26A2F02C3052B6001CF8A0 /* XCRemoteSwiftPackageReference "Alamofire" */,
			);
			productRefGroup = CE19849B2BED35FA0019AA87 /* Products */;
			projectDirPath = "";
			projectRoot = "";
			targets = (
				CE1984992BED35FA0019AA87 /* MRMovieWithPagination */,
			);
		};
/* End PBXProject section */

/* Begin PBXResourcesBuildPhase section */
		CE1984982BED35FA0019AA87 /* Resources */ = {
			isa = PBXResourcesBuildPhase;
			buildActionMask = 2147483647;
			files = (
				CE1984EA2BEF8E6A0019AA87 /* SearchMovieTableViewCell.xib in Resources */,
				CE1984E22BEE9D800019AA87 /* MovieCollectionViewCell.xib in Resources */,
				CE1984A72BED35FD0019AA87 /* Assets.xcassets in Resources */,
				CE1984AA2BED35FD0019AA87 /* Base in Resources */,
				CE1984C12BED49970019AA87 /* CollectionViewTableViewCell.xib in Resources */,
				CE1984A52BED35FB0019AA87 /* Base in Resources */,
			);
			runOnlyForDeploymentPostprocessing = 0;
		};
/* End PBXResourcesBuildPhase section */

/* Begin PBXSourcesBuildPhase section */
		CE1984962BED35FA0019AA87 /* Sources */ = {
			isa = PBXSourcesBuildPhase;
			buildActionMask = 2147483647;
			files = (
				CE1984E32BEE9D800019AA87 /* MovieCollectionViewCell.swift in Sources */,
				CE1984D92BED7EE40019AA87 /* NetworkConstants.swift in Sources */,
				CE1984D62BED7EA20019AA87 /* MovieResults.swift in Sources */,
				CE1984C72BED7A3C0019AA87 /* HomeViewModel.swift in Sources */,
				CE1984EC2BEF93140019AA87 /* SearchViewModel.swift in Sources */,
				CE1984DD2BEE9A040019AA87 /* CapitalizeFirstLetter.swift in Sources */,
				CE1984E52BEEA15A0019AA87 /* CollectionViewCellNib.swift in Sources */,
				CE1984D42BED7E890019AA87 /* Movie.swift in Sources */,
				CE1984EE2BEFC1950019AA87 /* SearchResultVC.swift in Sources */,
				CE1984C52BED4A0E0019AA87 /* TableViewCellNib.swift in Sources */,
				CE1984E92BEF8E6A0019AA87 /* SearchMovieTableViewCell.swift in Sources */,
				CE1984B32BED3EBF0019AA87 /* HomeVC.swift in Sources */,
				CE1984B72BED3F4A0019AA87 /* SearchMoviesVC.swift in Sources */,
				CE1984C22BED49970019AA87 /* CollectionViewTableViewCell.swift in Sources */,
				CE19849E2BED35FB0019AA87 /* AppDelegate.swift in Sources */,
				CE1984A02BED35FB0019AA87 /* SceneDelegate.swift in Sources */,
				CE1984DB2BED7F030019AA87 /* APICaller.swift in Sources */,
				CE1984BB2BED3FA70019AA87 /* MainTabBarVC.swift in Sources */,
				CE1984F02BEFC8C20019AA87 /* SearchResultsViewModel.swift in Sources */,
			);
			runOnlyForDeploymentPostprocessing = 0;
		};
/* End PBXSourcesBuildPhase section */

/* Begin PBXVariantGroup section */
		CE1984A32BED35FB0019AA87 /* Main.storyboard */ = {
			isa = PBXVariantGroup;
			children = (
				CE1984A42BED35FB0019AA87 /* Base */,
			);
			name = Main.storyboard;
			sourceTree = "<group>";
		};
		CE1984A82BED35FD0019AA87 /* LaunchScreen.storyboard */ = {
			isa = PBXVariantGroup;
			children = (
				CE1984A92BED35FD0019AA87 /* Base */,
			);
			name = LaunchScreen.storyboard;
			sourceTree = "<group>";
		};
/* End PBXVariantGroup section */

/* Begin XCBuildConfiguration section */
		CE1984AC2BED35FD0019AA87 /* Debug */ = {
			isa = XCBuildConfiguration;
			buildSettings = {
				ALWAYS_SEARCH_USER_PATHS = NO;
				ASSETCATALOG_COMPILER_GENERATE_SWIFT_ASSET_SYMBOL_EXTENSIONS = YES;
				CLANG_ANALYZER_NONNULL = YES;
				CLANG_ANALYZER_NUMBER_OBJECT_CONVERSION = YES_AGGRESSIVE;
				CLANG_CXX_LANGUAGE_STANDARD = "gnu++20";
				CLANG_ENABLE_MODULES = YES;
				CLANG_ENABLE_OBJC_ARC = YES;
				CLANG_ENABLE_OBJC_WEAK = YES;
				CLANG_WARN_BLOCK_CAPTURE_AUTORELEASING = YES;
				CLANG_WARN_BOOL_CONVERSION = YES;
				CLANG_WARN_COMMA = YES;
				CLANG_WARN_CONSTANT_CONVERSION = YES;
				CLANG_WARN_DEPRECATED_OBJC_IMPLEMENTATIONS = YES;
				CLANG_WARN_DIRECT_OBJC_ISA_USAGE = YES_ERROR;
				CLANG_WARN_DOCUMENTATION_COMMENTS = YES;
				CLANG_WARN_EMPTY_BODY = YES;
				CLANG_WARN_ENUM_CONVERSION = YES;
				CLANG_WARN_INFINITE_RECURSION = YES;
				CLANG_WARN_INT_CONVERSION = YES;
				CLANG_WARN_NON_LITERAL_NULL_CONVERSION = YES;
				CLANG_WARN_OBJC_IMPLICIT_RETAIN_SELF = YES;
				CLANG_WARN_OBJC_LITERAL_CONVERSION = YES;
				CLANG_WARN_OBJC_ROOT_CLASS = YES_ERROR;
				CLANG_WARN_QUOTED_INCLUDE_IN_FRAMEWORK_HEADER = YES;
				CLANG_WARN_RANGE_LOOP_ANALYSIS = YES;
				CLANG_WARN_STRICT_PROTOTYPES = YES;
				CLANG_WARN_SUSPICIOUS_MOVE = YES;
				CLANG_WARN_UNGUARDED_AVAILABILITY = YES_AGGRESSIVE;
				CLANG_WARN_UNREACHABLE_CODE = YES;
				CLANG_WARN__DUPLICATE_METHOD_MATCH = YES;
				COPY_PHASE_STRIP = NO;
				DEBUG_INFORMATION_FORMAT = dwarf;
				ENABLE_STRICT_OBJC_MSGSEND = YES;
				ENABLE_TESTABILITY = YES;
				ENABLE_USER_SCRIPT_SANDBOXING = YES;
				GCC_C_LANGUAGE_STANDARD = gnu17;
				GCC_DYNAMIC_NO_PIC = NO;
				GCC_NO_COMMON_BLOCKS = YES;
				GCC_OPTIMIZATION_LEVEL = 0;
				GCC_PREPROCESSOR_DEFINITIONS = (
					"DEBUG=1",
					"$(inherited)",
				);
				GCC_WARN_64_TO_32_BIT_CONVERSION = YES;
				GCC_WARN_ABOUT_RETURN_TYPE = YES_ERROR;
				GCC_WARN_UNDECLARED_SELECTOR = YES;
				GCC_WARN_UNINITIALIZED_AUTOS = YES_AGGRESSIVE;
				GCC_WARN_UNUSED_FUNCTION = YES;
				GCC_WARN_UNUSED_VARIABLE = YES;
				IPHONEOS_DEPLOYMENT_TARGET = 17.4;
				LOCALIZATION_PREFERS_STRING_CATALOGS = YES;
				MTL_ENABLE_DEBUG_INFO = INCLUDE_SOURCE;
				MTL_FAST_MATH = YES;
				ONLY_ACTIVE_ARCH = YES;
				SDKROOT = iphoneos;
				SWIFT_ACTIVE_COMPILATION_CONDITIONS = "DEBUG $(inherited)";
				SWIFT_OPTIMIZATION_LEVEL = "-Onone";
			};
			name = Debug;
		};
		CE1984AD2BED35FD0019AA87 /* Release */ = {
			isa = XCBuildConfiguration;
			buildSettings = {
				ALWAYS_SEARCH_USER_PATHS = NO;
				ASSETCATALOG_COMPILER_GENERATE_SWIFT_ASSET_SYMBOL_EXTENSIONS = YES;
				CLANG_ANALYZER_NONNULL = YES;
				CLANG_ANALYZER_NUMBER_OBJECT_CONVERSION = YES_AGGRESSIVE;
				CLANG_CXX_LANGUAGE_STANDARD = "gnu++20";
				CLANG_ENABLE_MODULES = YES;
				CLANG_ENABLE_OBJC_ARC = YES;
				CLANG_ENABLE_OBJC_WEAK = YES;
				CLANG_WARN_BLOCK_CAPTURE_AUTORELEASING = YES;
				CLANG_WARN_BOOL_CONVERSION = YES;
				CLANG_WARN_COMMA = YES;
				CLANG_WARN_CONSTANT_CONVERSION = YES;
				CLANG_WARN_DEPRECATED_OBJC_IMPLEMENTATIONS = YES;
				CLANG_WARN_DIRECT_OBJC_ISA_USAGE = YES_ERROR;
				CLANG_WARN_DOCUMENTATION_COMMENTS = YES;
				CLANG_WARN_EMPTY_BODY = YES;
				CLANG_WARN_ENUM_CONVERSION = YES;
				CLANG_WARN_INFINITE_RECURSION = YES;
				CLANG_WARN_INT_CONVERSION = YES;
				CLANG_WARN_NON_LITERAL_NULL_CONVERSION = YES;
				CLANG_WARN_OBJC_IMPLICIT_RETAIN_SELF = YES;
				CLANG_WARN_OBJC_LITERAL_CONVERSION = YES;
				CLANG_WARN_OBJC_ROOT_CLASS = YES_ERROR;
				CLANG_WARN_QUOTED_INCLUDE_IN_FRAMEWORK_HEADER = YES;
				CLANG_WARN_RANGE_LOOP_ANALYSIS = YES;
				CLANG_WARN_STRICT_PROTOTYPES = YES;
				CLANG_WARN_SUSPICIOUS_MOVE = YES;
				CLANG_WARN_UNGUARDED_AVAILABILITY = YES_AGGRESSIVE;
				CLANG_WARN_UNREACHABLE_CODE = YES;
				CLANG_WARN__DUPLICATE_METHOD_MATCH = YES;
				COPY_PHASE_STRIP = NO;
				DEBUG_INFORMATION_FORMAT = "dwarf-with-dsym";
				ENABLE_NS_ASSERTIONS = NO;
				ENABLE_STRICT_OBJC_MSGSEND = YES;
				ENABLE_USER_SCRIPT_SANDBOXING = YES;
				GCC_C_LANGUAGE_STANDARD = gnu17;
				GCC_NO_COMMON_BLOCKS = YES;
				GCC_WARN_64_TO_32_BIT_CONVERSION = YES;
				GCC_WARN_ABOUT_RETURN_TYPE = YES_ERROR;
				GCC_WARN_UNDECLARED_SELECTOR = YES;
				GCC_WARN_UNINITIALIZED_AUTOS = YES_AGGRESSIVE;
				GCC_WARN_UNUSED_FUNCTION = YES;
				GCC_WARN_UNUSED_VARIABLE = YES;
				IPHONEOS_DEPLOYMENT_TARGET = 17.4;
				LOCALIZATION_PREFERS_STRING_CATALOGS = YES;
				MTL_ENABLE_DEBUG_INFO = NO;
				MTL_FAST_MATH = YES;
				SDKROOT = iphoneos;
				SWIFT_COMPILATION_MODE = wholemodule;
				VALIDATE_PRODUCT = YES;
			};
			name = Release;
		};
		CE1984AF2BED35FD0019AA87 /* Debug */ = {
			isa = XCBuildConfiguration;
			buildSettings = {
				ASSETCATALOG_COMPILER_APPICON_NAME = AppIcon;
				ASSETCATALOG_COMPILER_GLOBAL_ACCENT_COLOR_NAME = AccentColor;
				CODE_SIGN_STYLE = Automatic;
				CURRENT_PROJECT_VERSION = 1;
				GENERATE_INFOPLIST_FILE = YES;
				INFOPLIST_FILE = MRMovieWithPagination/Info.plist;
				INFOPLIST_KEY_UIApplicationSupportsIndirectInputEvents = YES;
				INFOPLIST_KEY_UILaunchStoryboardName = LaunchScreen;
				INFOPLIST_KEY_UIMainStoryboardFile = Main;
				INFOPLIST_KEY_UISupportedInterfaceOrientations_iPad = "UIInterfaceOrientationPortrait UIInterfaceOrientationPortraitUpsideDown UIInterfaceOrientationLandscapeLeft UIInterfaceOrientationLandscapeRight";
				INFOPLIST_KEY_UISupportedInterfaceOrientations_iPhone = "UIInterfaceOrientationPortrait UIInterfaceOrientationLandscapeLeft UIInterfaceOrientationLandscapeRight";
				LD_RUNPATH_SEARCH_PATHS = (
					"$(inherited)",
					"@executable_path/Frameworks",
				);
				MARKETING_VERSION = 1.0;
				PRODUCT_BUNDLE_IDENTIFIER = com.sundos.MRMovieWithPagination;
				PRODUCT_NAME = "$(TARGET_NAME)";
				SWIFT_EMIT_LOC_STRINGS = YES;
				SWIFT_VERSION = 5.0;
				TARGETED_DEVICE_FAMILY = "1,2";
			};
			name = Debug;
		};
		CE1984B02BED35FD0019AA87 /* Release */ = {
			isa = XCBuildConfiguration;
			buildSettings = {
				ASSETCATALOG_COMPILER_APPICON_NAME = AppIcon;
				ASSETCATALOG_COMPILER_GLOBAL_ACCENT_COLOR_NAME = AccentColor;
				CODE_SIGN_STYLE = Automatic;
				CURRENT_PROJECT_VERSION = 1;
				GENERATE_INFOPLIST_FILE = YES;
				INFOPLIST_FILE = MRMovieWithPagination/Info.plist;
				INFOPLIST_KEY_UIApplicationSupportsIndirectInputEvents = YES;
				INFOPLIST_KEY_UILaunchStoryboardName = LaunchScreen;
				INFOPLIST_KEY_UIMainStoryboardFile = Main;
				INFOPLIST_KEY_UISupportedInterfaceOrientations_iPad = "UIInterfaceOrientationPortrait UIInterfaceOrientationPortraitUpsideDown UIInterfaceOrientationLandscapeLeft UIInterfaceOrientationLandscapeRight";
				INFOPLIST_KEY_UISupportedInterfaceOrientations_iPhone = "UIInterfaceOrientationPortrait UIInterfaceOrientationLandscapeLeft UIInterfaceOrientationLandscapeRight";
				LD_RUNPATH_SEARCH_PATHS = (
					"$(inherited)",
					"@executable_path/Frameworks",
				);
				MARKETING_VERSION = 1.0;
				PRODUCT_BUNDLE_IDENTIFIER = com.sundos.MRMovieWithPagination;
				PRODUCT_NAME = "$(TARGET_NAME)";
				SWIFT_EMIT_LOC_STRINGS = YES;
				SWIFT_VERSION = 5.0;
				TARGETED_DEVICE_FAMILY = "1,2";
			};
			name = Release;
		};
/* End XCBuildConfiguration section */

/* Begin XCConfigurationList section */
		CE1984952BED35FA0019AA87 /* Build configuration list for PBXProject "MRMovieWithPagination" */ = {
			isa = XCConfigurationList;
			buildConfigurations = (
				CE1984AC2BED35FD0019AA87 /* Debug */,
				CE1984AD2BED35FD0019AA87 /* Release */,
			);
			defaultConfigurationIsVisible = 0;
			defaultConfigurationName = Release;
		};
		CE1984AE2BED35FD0019AA87 /* Build configuration list for PBXNativeTarget "MRMovieWithPagination" */ = {
			isa = XCConfigurationList;
			buildConfigurations = (
				CE1984AF2BED35FD0019AA87 /* Debug */,
				CE1984B02BED35FD0019AA87 /* Release */,
			);
			defaultConfigurationIsVisible = 0;
			defaultConfigurationName = Release;
		};
/* End XCConfigurationList section */

/* Begin XCRemoteSwiftPackageReference section */
		CE1984CD2BED7E2E0019AA87 /* XCRemoteSwiftPackageReference "Kingfisher" */ = {
			isa = XCRemoteSwiftPackageReference;
			repositoryURL = "https://github.com/onevcat/Kingfisher.git";
			requirement = {
				kind = upToNextMajorVersion;
				minimumVersion = 7.11.0;
			};
		};
		CE1984D02BED7E500019AA87 /* XCRemoteSwiftPackageReference "Toast-Swift" */ = {
			isa = XCRemoteSwiftPackageReference;
			repositoryURL = "https://github.com/scalessec/Toast-Swift.git";
			requirement = {
				kind = upToNextMajorVersion;
				minimumVersion = 5.1.1;
			};
		};
		CE26A2F02C3052B6001CF8A0 /* XCRemoteSwiftPackageReference "Alamofire" */ = {
			isa = XCRemoteSwiftPackageReference;
			repositoryURL = "https://github.com/Alamofire/Alamofire.git";
			requirement = {
				kind = upToNextMajorVersion;
				minimumVersion = 5.9.1;
			};
		};
/* End XCRemoteSwiftPackageReference section */

/* Begin XCSwiftPackageProductDependency section */
		CE1984CE2BED7E2E0019AA87 /* Kingfisher */ = {
			isa = XCSwiftPackageProductDependency;
			package = CE1984CD2BED7E2E0019AA87 /* XCRemoteSwiftPackageReference "Kingfisher" */;
			productName = Kingfisher;
		};
		CE1984D12BED7E500019AA87 /* Toast */ = {
			isa = XCSwiftPackageProductDependency;
			package = CE1984D02BED7E500019AA87 /* XCRemoteSwiftPackageReference "Toast-Swift" */;
			productName = Toast;
		};
		CE26A2F12C3052B6001CF8A0 /* Alamofire */ = {
			isa = XCSwiftPackageProductDependency;
			package = CE26A2F02C3052B6001CF8A0 /* XCRemoteSwiftPackageReference "Alamofire" */;
			productName = Alamofire;
		};
/* End XCSwiftPackageProductDependency section */
	};
	rootObject = CE1984922BED35FA0019AA87 /* Project object */;
}
